
Microsoft Visual Studio Solution File, Format Version 12.00
# Visual Studio Version 17
VisualStudioVersion = 17.0.32126.317
MinimumVisualStudioVersion = 10.0.40219.1
Project("{FAE04EC0-301F-11D3-BF4B-00C04F79EFBC}") = "Company", "Company.csproj", "{26E8012C-B481-4DCA-BD15-452228314969}"
EndProject
Global
	GlobalSection(SolutionConfigurationPlatforms) = preSolution
		Debug|Any CPU = Debug|Any CPU
		Release|Any CPU = Release|Any CPU
	EndGlobalSection
	GlobalSection(ProjectConfigurationPlatforms) = postSolution
		{26E8012C-B481-4DCA-BD15-452228314969}.Debug|Any CPU.ActiveCfg = Debug|Any CPU
		{26E8012C-B481-4DCA-BD15-452228314969}.Debug|Any CPU.Build.0 = Debug|Any CPU
		{26E8012C-B481-4DCA-BD15-452228314969}.Release|Any CPU.ActiveCfg = Release|Any CPU
		{26E8012C-B481-4DCA-BD15-452228314969}.Release|Any CPU.Build.0 = Release|Any CPU
	EndGlobalSection
	GlobalSection(SolutionProperties) = preSolution
		HideSolutionNode = FALSE
	EndGlobalSection
	GlobalSection(ExtensibilityGlobals) = postSolution
		SolutionGuid = {0560E162-2F2C-43D9-B1DA-312977468F67}
	EndGlobalSection
EndGlobal
